
Microsoft Visual Studio Solution File, Format Version 12.00
# Visual Studio Version 16
VisualStudioVersion = 16.0.28803.352
MinimumVisualStudioVersion = 10.0.40219.1
Project("{FAE04EC0-301F-11D3-BF4B-00C04F79EFBC}") = "Tanks", "Tanks\Tanks.csproj", "{52C65BA7-DCCC-42E9-8246-1A9ED5DFC016}"
EndProject
Global
	GlobalSection(SolutionConfigurationPlatforms) = preSolution
		Debug|Any CPU = Debug|Any CPU
		Release|Any CPU = Release|Any CPU
	EndGlobalSection
	GlobalSection(ProjectConfigurationPlatforms) = postSolution
		{52C65BA7-DCCC-42E9-8246-1A9ED5DFC016}.Debug|Any CPU.ActiveCfg = Debug|Any CPU
		{52C65BA7-DCCC-42E9-8246-1A9ED5DFC016}.Debug|Any CPU.Build.0 = Debug|Any CPU
		{52C65BA7-DCCC-42E9-8246-1A9ED5DFC016}.Release|Any CPU.ActiveCfg = Release|Any CPU
		{52C65BA7-DCCC-42E9-8246-1A9ED5DFC016}.Release|Any CPU.Build.0 = Release|Any CPU
	EndGlobalSection
	GlobalSection(SolutionProperties) = preSolution
		HideSolutionNode = FALSE
	EndGlobalSection
	GlobalSection(ExtensibilityGlobals) = postSolution
		SolutionGuid = {5EA1B9F7-42F5-4C6D-B6B5-BEA333048768}
	EndGlobalSection
EndGlobal
